
Microsoft Visual Studio Solution File, Format Version 12.00
# Visual Studio Version 17
VisualStudioVersion = 17.14.36429.23 d17.14
MinimumVisualStudioVersion = 10.0.40219.1
Project("{FAE04EC0-301F-11D3-BF4B-00C04F79EFBC}") = "HastaTakipSistemi", "HastaTakipSistemi\HastaTakipSistemi.csproj", "{D192F656-7B1D-427D-AD66-1DF28237D1A7}"
EndProject
Global
	GlobalSection(SolutionConfigurationPlatforms) = preSolution
		Debug|Any CPU = Debug|Any CPU
		Release|Any CPU = Release|Any CPU
	EndGlobalSection
	GlobalSection(ProjectConfigurationPlatforms) = postSolution
		{D192F656-7B1D-427D-AD66-1DF28237D1A7}.Debug|Any CPU.ActiveCfg = Debug|Any CPU
		{D192F656-7B1D-427D-AD66-1DF28237D1A7}.Debug|Any CPU.Build.0 = Debug|Any CPU
		{D192F656-7B1D-427D-AD66-1DF28237D1A7}.Release|Any CPU.ActiveCfg = Release|Any CPU
		{D192F656-7B1D-427D-AD66-1DF28237D1A7}.Release|Any CPU.Build.0 = Release|Any CPU
	EndGlobalSection
	GlobalSection(SolutionProperties) = preSolution
		HideSolutionNode = FALSE
	EndGlobalSection
	GlobalSection(ExtensibilityGlobals) = postSolution
		SolutionGuid = {84A71487-1CAE-4AB0-BD07-40216AF84081}
	EndGlobalSection
EndGlobal
